
Microsoft Visual Studio Solution File, Format Version 12.00
# Visual Studio Version 17
VisualStudioVersion = 17.3.32825.248
MinimumVisualStudioVersion = 10.0.40219.1
Project("{FAE04EC0-301F-11D3-BF4B-00C04F79EFBC}") = "LMS_API", "LMS_API\LMS_API.csproj", "{2892A61A-BBC5-4EFC-9E5D-32F9F084354C}"
EndProject
Global
	GlobalSection(SolutionConfigurationPlatforms) = preSolution
		Debug|Any CPU = Debug|Any CPU
		Release|Any CPU = Release|Any CPU
	EndGlobalSection
	GlobalSection(ProjectConfigurationPlatforms) = postSolution
		{2892A61A-BBC5-4EFC-9E5D-32F9F084354C}.Debug|Any CPU.ActiveCfg = Debug|Any CPU
		{2892A61A-BBC5-4EFC-9E5D-32F9F084354C}.Debug|Any CPU.Build.0 = Debug|Any CPU
		{2892A61A-BBC5-4EFC-9E5D-32F9F084354C}.Release|Any CPU.ActiveCfg = Release|Any CPU
		{2892A61A-BBC5-4EFC-9E5D-32F9F084354C}.Release|Any CPU.Build.0 = Release|Any CPU
	EndGlobalSection
	GlobalSection(SolutionProperties) = preSolution
		HideSolutionNode = FALSE
	EndGlobalSection
	GlobalSection(ExtensibilityGlobals) = postSolution
		SolutionGuid = {6BB872BA-D7BA-4CAD-B943-584A3D111057}
	EndGlobalSection
EndGlobal
